{
  "name": "mothx-installer",
  "version": "1.1.57-pre",
  "lockfileVersion": 3,
  "requires": true,
  "packages": {
    "": {
      "name": "mothx-installer",
      "version": "1.1.57-pre",
      "hasInstallScript": true,
      "license": "MIT",
      "bin": {
        "mothx": "bin/mothx"
      },
      "engines": {
        "node": ">=14"
      },
      "optionalDependencies": {
        "mothx-darwin-arm64": "1.1.57-pre",
        "mothx-darwin-x64": "1.1.57-pre",
        "mothx-freebsd-arm64": "1.1.57-pre",
        "mothx-freebsd-x64": "1.1.57-pre",
        "mothx-linux-arm64": "1.1.57-pre",
        "mothx-linux-loong64": "1.1.57-pre",
        "mothx-linux-musl-arm64": "1.1.57-pre",
        "mothx-linux-musl-x64": "1.1.57-pre",
        "mothx-linux-ppc64le": "1.1.57-pre",
        "mothx-linux-riscv64": "1.1.57-pre",
        "mothx-linux-s390x": "1.1.57-pre",
        "mothx-linux-x64": "1.1.57-pre",
        "mothx-netbsd-x64": "1.1.57-pre",
        "mothx-openbsd-arm64": "1.1.57-pre",
        "mothx-openbsd-x64": "1.1.57-pre",
        "mothx-win32-arm64": "1.1.57-pre",
        "mothx-win32-x64": "1.1.57-pre"
      }
    },
    "node_modules/mothx-darwin-arm64": {
      "version": "1.1.57-pre",
      "resolved": "https://registry.npmjs.org/mothx-darwin-arm64/-/mothx-darwin-arm64-1.1.57-pre.tgz",
      "integrity": "sha512-p/eT8AHqnapouKIoFt9MNCXieArv/nttx/l0AugRYjZwh2vG986hdU6lBQdkvS/wRjggs/EcWH2rxVx2GOFF5Q==",
      "cpu": [
        "arm64"
      ],
      "license": "MIT",
      "optional": true,
      "os": [
        "darwin"
      ]
    },
    "node_modules/mothx-darwin-x64": {
      "version": "1.1.57-pre",
      "resolved": "https://registry.npmjs.org/mothx-darwin-x64/-/mothx-darwin-x64-1.1.57-pre.tgz",
      "integrity": "sha512-uVVllZRGc6EmiEycwLMhcJazw/nmF54aPV+kbYOVUFVRXMhXdRthk8mQ98bJ2fPCgsrbNRXdEbcBwyPNUqI7cA==",
      "cpu": [
        "x64"
      ],
      "license": "MIT",
      "optional": true,
      "os": [
        "darwin"
      ]
    },
    "node_modules/mothx-freebsd-arm64": {
      "version": "1.1.57-pre",
      "resolved": "https://registry.npmjs.org/mothx-freebsd-arm64/-/mothx-freebsd-arm64-1.1.57-pre.tgz",
      "integrity": "sha512-4SKkzaczEdhxEAluTurrTr3VhzRNdK7+vixNY9jUU5bjQ2lo3qiGJtsABxLjoljbAcAi9tKnf5RQuKL87S5xDw==",
      "cpu": [
        "arm64"
      ],
      "license": "MIT",
      "optional": true,
      "os": [
        "freebsd"
      ]
    },
    "node_modules/mothx-freebsd-x64": {
      "version": "1.1.57-pre",
      "resolved": "https://registry.npmjs.org/mothx-freebsd-x64/-/mothx-freebsd-x64-1.1.57-pre.tgz",
      "integrity": "sha512-yEeDS0NHtAk9g/EM4hPxgIiQvNtirzE4RYr72PsaDMEyEiBtKfvWu4g3S9pZbT4MR6oZzzVBbUXQfiV3qLTZ7g==",
      "cpu": [
        "x64"
      ],
      "license": "MIT",
      "optional": true,
      "os": [
        "freebsd"
      ]
    },
    "node_modules/mothx-linux-arm64": {
      "version": "1.1.57-pre",
      "resolved": "https://registry.npmjs.org/mothx-linux-arm64/-/mothx-linux-arm64-1.1.57-pre.tgz",
      "integrity": "sha512-HmtHX2FiKRT/J4erenJinZLQcJs7drUZS33ZZ7wSQtSlWTtiMYxpmxM6rSVRdt+B5zSgETPZ19f4Dmbxx5Oygw==",
      "cpu": [
        "arm64"
      ],
      "license": "MIT",
      "optional": true,
      "os": [
        "linux"
      ]
    },
    "node_modules/mothx-linux-loong64": {
      "version": "1.1.57-pre",
      "resolved": "https://registry.npmjs.org/mothx-linux-loong64/-/mothx-linux-loong64-1.1.57-pre.tgz",
      "integrity": "sha512-5KBghwARohBNuqE/ch0qzKrcemSXuqH1b+J08FH8mNgdomVdGk6gjehhmH0WMzzvm7ISOcA4D7P7NgmDo3lPeQ==",
      "cpu": [
        "loong64"
      ],
      "license": "MIT",
      "optional": true,
      "os": [
        "linux"
      ]
    },
    "node_modules/mothx-linux-musl-arm64": {
      "version": "1.1.57-pre",
      "resolved": "https://registry.npmjs.org/mothx-linux-musl-arm64/-/mothx-linux-musl-arm64-1.1.57-pre.tgz",
      "integrity": "sha512-/ZUYWc/HPWD/KtZJ5ND4cdcWsC7OG/Ll2CLw4U3r+W39JAf+dWdwjveEktouBSouXEfqbmW5sNuZP1bnFFrHNw==",
      "cpu": [
        "arm64"
      ],
      "license": "MIT",
      "optional": true,
      "os": [
        "linux"
      ]
    },
    "node_modules/mothx-linux-musl-x64": {
      "version": "1.1.57-pre",
      "resolved": "https://registry.npmjs.org/mothx-linux-musl-x64/-/mothx-linux-musl-x64-1.1.57-pre.tgz",
      "integrity": "sha512-03qjG3BPpCwIAvrwbmH6TfHQUXkRLHVfRlqiLV+bZ9RIvBywN6dLEjuERv6eRUWCnkkYoUb3dCVzVWZK/2oCvA==",
      "cpu": [
        "x64"
      ],
      "license": "MIT",
      "optional": true,
      "os": [
        "linux"
      ]
    },
    "node_modules/mothx-linux-ppc64le": {
      "version": "1.1.57-pre",
      "resolved": "https://registry.npmjs.org/mothx-linux-ppc64le/-/mothx-linux-ppc64le-1.1.57-pre.tgz",
      "integrity": "sha512-CeX8FgigmJWKM03Jq0LTT3Ab+hN8PxowJcYd3dLfORDjTIeCBBm5TiUNxL7ke9F4jBDfn9UrFwdZ+3lI8hQwUA==",
      "cpu": [
        "ppc64"
      ],
      "license": "MIT",
      "optional": true,
      "os": [
        "linux"
      ]
    },
    "node_modules/mothx-linux-riscv64": {
      "version": "1.1.57-pre",
      "resolved": "https://registry.npmjs.org/mothx-linux-riscv64/-/mothx-linux-riscv64-1.1.57-pre.tgz",
      "integrity": "sha512-3VZBr+aarbysNYEKylHwoRKDmu/0f0a8WIf3/O/xGMdA38Yu9q9mB+QwJMFgvPgEMw2X/NDPCVzapmCPLhoQ0g==",
      "cpu": [
        "riscv64"
      ],
      "license": "MIT",
      "optional": true,
      "os": [
        "linux"
      ]
    }
  }
}
